// !$*UTF8*$!
{
	archiveVersion = 1;
	classes = {
	};
	objectVersion = 51;
	objects = {

/* Begin PBXBuildFile section */
		1183342024ABCEF50047CC55 /* AppDelegate.swift in Sources */ = {isa = PBXBuildFile; fileRef = 1183341F24ABCEF50047CC55 /* AppDelegate.swift */; };
		1183342224ABCEF50047CC55 /* SceneDelegate.swift in Sources */ = {isa = PBXBuildFile; fileRef = 1183342124ABCEF50047CC55 /* SceneDelegate.swift */; };
		1183342424ABCEF50047CC55 /* ViewController.swift in Sources */ = {isa = PBXBuildFile; fileRef = 1183342324ABCEF50047CC55 /* ViewController.swift */; };
		1183342724ABCEF50047CC55 /* Main.storyboard in Resources */ = {isa = PBXBuildFile; fileRef = 1183342524ABCEF50047CC55 /* Main.storyboard */; };
		1183342F24ABCEF70047CC55 /* LaunchScreen.storyboard in Resources */ = {isa = PBXBuildFile; fileRef = 1183342D24ABCEF70047CC55 /* LaunchScreen.storyboard */; };
		1183344124ABCF800047CC55 /* ConversationsController.swift in Sources */ = {isa = PBXBuildFile; fileRef = 1183344024ABCF800047CC55 /* ConversationsController.swift */; };
		1183344424AC12DA0047CC55 /* LoginController.swift in Sources */ = {isa = PBXBuildFile; fileRef = 1183344324AC12DA0047CC55 /* LoginController.swift */; };
		1183344624AC12E30047CC55 /* RegistrationController.swift in Sources */ = {isa = PBXBuildFile; fileRef = 1183344524AC12E30047CC55 /* RegistrationController.swift */; };
		1183344E24AD2C210047CC55 /* InputContainerView.swift in Sources */ = {isa = PBXBuildFile; fileRef = 1183344D24AD2C210047CC55 /* InputContainerView.swift */; };
		1183345024AD307B0047CC55 /* CustomTextField.swift in Sources */ = {isa = PBXBuildFile; fileRef = 1183344F24AD307B0047CC55 /* CustomTextField.swift */; };
		1183345424AD77B50047CC55 /* LoginViewModel.swift in Sources */ = {isa = PBXBuildFile; fileRef = 1183345324AD77B50047CC55 /* LoginViewModel.swift */; };
		1183345624AE4E6A0047CC55 /* RegistrationViewModel.swift in Sources */ = {isa = PBXBuildFile; fileRef = 1183345524AE4E6A0047CC55 /* RegistrationViewModel.swift */; };
		1183345B24AE5EB80047CC55 /* Assets.xcassets in Resources */ = {isa = PBXBuildFile; fileRef = 1183345A24AE5EB80047CC55 /* Assets.xcassets */; };
		1183345D24AE5F920047CC55 /* Extensions.swift in Sources */ = {isa = PBXBuildFile; fileRef = 1183345C24AE5F920047CC55 /* Extensions.swift */; };
		1183346124AE62610047CC55 /* GoogleService-Info.plist in Resources */ = {isa = PBXBuildFile; fileRef = 1183346024AE62610047CC55 /* GoogleService-Info.plist */; };
		1183346324AED3800047CC55 /* AuthService.swift in Sources */ = {isa = PBXBuildFile; fileRef = 1183346224AED3800047CC55 /* AuthService.swift */; };
		1183346524B03C110047CC55 /* NewMessageController.swift in Sources */ = {isa = PBXBuildFile; fileRef = 1183346424B03C110047CC55 /* NewMessageController.swift */; };
		1183346724B0CD660047CC55 /* UserCell.swift in Sources */ = {isa = PBXBuildFile; fileRef = 1183346624B0CD660047CC55 /* UserCell.swift */; };
		1183346924B0D9EB0047CC55 /* User.swift in Sources */ = {isa = PBXBuildFile; fileRef = 1183346824B0D9EB0047CC55 /* User.swift */; };
		1183346B24B0DA760047CC55 /* Service.swift in Sources */ = {isa = PBXBuildFile; fileRef = 1183346A24B0DA760047CC55 /* Service.swift */; };
		1192A4E524B0FA1E00A5626F /* ChatController.swift in Sources */ = {isa = PBXBuildFile; fileRef = 1192A4E424B0FA1E00A5626F /* ChatController.swift */; };
		1192A4E724B0FE8800A5626F /* CustomInputAccessoryView.swift in Sources */ = {isa = PBXBuildFile; fileRef = 1192A4E624B0FE8800A5626F /* CustomInputAccessoryView.swift */; };
		1192A51324B1947A00A5626F /* MessageCell.swift in Sources */ = {isa = PBXBuildFile; fileRef = 1192A51224B1947A00A5626F /* MessageCell.swift */; };
		1192A51524B197FD00A5626F /* Message.swift in Sources */ = {isa = PBXBuildFile; fileRef = 1192A51424B197FD00A5626F /* Message.swift */; };
		1192A51724B19AA200A5626F /* MessageViewModel.swift in Sources */ = {isa = PBXBuildFile; fileRef = 1192A51624B19AA200A5626F /* MessageViewModel.swift */; };
		1192A52324B242B400A5626F /* Constants.swift in Sources */ = {isa = PBXBuildFile; fileRef = 1192A52224B242B400A5626F /* Constants.swift */; };
		DEC4E47B81183006C7A13A47 /* Pods_FireChat.framework in Frameworks */ = {isa = PBXBuildFile; fileRef = E88B4E64B6FFF5D94265F4B5 /* Pods_FireChat.framework */; };
/* End PBXBuildFile section */

/* Begin PBXFileReference section */
		1183341C24ABCEF50047CC55 /* FireChat.app */ = {isa = PBXFileReference; explicitFileType = wrapper.application; includeInIndex = 0; path = FireChat.app; sourceTree = BUILT_PRODUCTS_DIR; };
		1183341F24ABCEF50047CC55 /* AppDelegate.swift */ = {isa = PBXFileReference; lastKnownFileType = sourcecode.swift; path = AppDelegate.swift; sourceTree = "<group>"; };
		1183342124ABCEF50047CC55 /* SceneDelegate.swift */ = {isa = PBXFileReference; lastKnownFileType = sourcecode.swift; path = SceneDelegate.swift; sourceTree = "<group>"; };
		1183342324ABCEF50047CC55 /* ViewController.swift */ = {isa = PBXFileReference; lastKnownFileType = sourcecode.swift; path = ViewController.swift; sourceTree = "<group>"; };
		1183342624ABCEF50047CC55 /* Base */ = {isa = PBXFileReference; lastKnownFileType = file.storyboard; name = Base; path = Base.lproj/Main.storyboard; sourceTree = "<group>"; };
		1183342E24ABCEF70047CC55 /* Base */ = {isa = PBXFileReference; lastKnownFileType = file.storyboard; name = Base; path = Base.lproj/LaunchScreen.storyboard; sourceTree = "<group>"; };
		1183343024ABCEF70047CC55 /* Info.plist */ = {isa = PBXFileReference; lastKnownFileType = text.plist.xml; path = Info.plist; sourceTree = "<group>"; };
		1183344024ABCF800047CC55 /* ConversationsController.swift */ = {isa = PBXFileReference; lastKnownFileType = sourcecode.swift; path = ConversationsController.swift; sourceTree = "<group>"; };
		1183344324AC12DA0047CC55 /* LoginController.swift */ = {isa = PBXFileReference; lastKnownFileType = sourcecode.swift; path = LoginController.swift; sourceTree = "<group>"; };
		1183344524AC12E30047CC55 /* RegistrationController.swift */ = {isa = PBXFileReference; lastKnownFileType = sourcecode.swift; path = RegistrationController.swift; sourceTree = "<group>"; };
		1183344D24AD2C210047CC55 /* InputContainerView.swift */ = {isa = PBXFileReference; lastKnownFileType = sourcecode.swift; path = InputContainerView.swift; sourceTree = "<group>"; };
		1183344F24AD307B0047CC55 /* CustomTextField.swift */ = {isa = PBXFileReference; lastKnownFileType = sourcecode.swift; path = CustomTextField.swift; sourceTree = "<group>"; };
		1183345324AD77B50047CC55 /* LoginViewModel.swift */ = {isa = PBXFileReference; lastKnownFileType = sourcecode.swift; path = LoginViewModel.swift; sourceTree = "<group>"; };
		1183345524AE4E6A0047CC55 /* RegistrationViewModel.swift */ = {isa = PBXFileReference; lastKnownFileType = sourcecode.swift; path = RegistrationViewModel.swift; sourceTree = "<group>"; };
		1183345A24AE5EB80047CC55 /* Assets.xcassets */ = {isa = PBXFileReference; lastKnownFileType = folder.assetcatalog; path = Assets.xcassets; sourceTree = "<group>"; };
		1183345C24AE5F920047CC55 /* Extensions.swift */ = {isa = PBXFileReference; fileEncoding = 4; lastKnownFileType = sourcecode.swift; path = Extensions.swift; sourceTree = "<group>"; };
		1183346024AE62610047CC55 /* GoogleService-Info.plist */ = {isa = PBXFileReference; fileEncoding = 4; lastKnownFileType = text.plist.xml; path = "GoogleService-Info.plist"; sourceTree = "<group>"; };
		1183346224AED3800047CC55 /* AuthService.swift */ = {isa = PBXFileReference; lastKnownFileType = sourcecode.swift; path = AuthService.swift; sourceTree = "<group>"; };
		1183346424B03C110047CC55 /* NewMessageController.swift */ = {isa = PBXFileReference; lastKnownFileType = sourcecode.swift; path = NewMessageController.swift; sourceTree = "<group>"; };
		1183346624B0CD660047CC55 /* UserCell.swift */ = {isa = PBXFileReference; lastKnownFileType = sourcecode.swift; path = UserCell.swift; sourceTree = "<group>"; };
		1183346824B0D9EB0047CC55 /* User.swift */ = {isa = PBXFileReference; lastKnownFileType = sourcecode.swift; path = User.swift; sourceTree = "<group>"; };
		1183346A24B0DA760047CC55 /* Service.swift */ = {isa = PBXFileReference; lastKnownFileType = sourcecode.swift; path = Service.swift; sourceTree = "<group>"; };
		1192A4E424B0FA1E00A5626F /* ChatController.swift */ = {isa = PBXFileReference; lastKnownFileType = sourcecode.swift; path = ChatController.swift; sourceTree = "<group>"; };
		1192A4E624B0FE8800A5626F /* CustomInputAccessoryView.swift */ = {isa = PBXFileReference; lastKnownFileType = sourcecode.swift; path = CustomInputAccessoryView.swift; sourceTree = "<group>"; };
		1192A51224B1947A00A5626F /* MessageCell.swift */ = {isa = PBXFileReference; lastKnownFileType = sourcecode.swift; path = MessageCell.swift; sourceTree = "<group>"; };
		1192A51424B197FD00A5626F /* Message.swift */ = {isa = PBXFileReference; lastKnownFileType = sourcecode.swift; path = Message.swift; sourceTree = "<group>"; };
		1192A51624B19AA200A5626F /* MessageViewModel.swift */ = {isa = PBXFileReference; lastKnownFileType = sourcecode.swift; path = MessageViewModel.swift; sourceTree = "<group>"; };
		1192A52224B242B400A5626F /* Constants.swift */ = {isa = PBXFileReference; lastKnownFileType = sourcecode.swift; path = Constants.swift; sourceTree = "<group>"; };
		1F8572490427A2288D239F89 /* Pods-FireChat.debug.xcconfig */ = {isa = PBXFileReference; includeInIndex = 1; lastKnownFileType = text.xcconfig; name = "Pods-FireChat.debug.xcconfig"; path = "Target Support Files/Pods-FireChat/Pods-FireChat.debug.xcconfig"; sourceTree = "<group>"; };
		9840FE260B04BE7DE98F9D95 /* Pods-FireChat.release.xcconfig */ = {isa = PBXFileReference; includeInIndex = 1; lastKnownFileType = text.xcconfig; name = "Pods-FireChat.release.xcconfig"; path = "Target Support Files/Pods-FireChat/Pods-FireChat.release.xcconfig"; sourceTree = "<group>"; };
		E88B4E64B6FFF5D94265F4B5 /* Pods_FireChat.framework */ = {isa = PBXFileReference; explicitFileType = wrapper.framework; includeInIndex = 0; path = Pods_FireChat.framework; sourceTree = BUILT_PRODUCTS_DIR; };
/* End PBXFileReference section */

/* Begin PBXFrameworksBuildPhase section */
		1183341924ABCEF50047CC55 /* Frameworks */ = {
			isa = PBXFrameworksBuildPhase;
			buildActionMask = 2147483647;
			files = (
				DEC4E47B81183006C7A13A47 /* Pods_FireChat.framework in Frameworks */,
			);
			runOnlyForDeploymentPostprocessing = 0;
		};
/* End PBXFrameworksBuildPhase section */

/* Begin PBXGroup section */
		1183341324ABCEF50047CC55 = {
			isa = PBXGroup;
			children = (
				1183341E24ABCEF50047CC55 /* FireChat */,
				1183341D24ABCEF50047CC55 /* Products */,
				33148A8F1EA8303E13C63CD0 /* Pods */,
				AED56E9BA51138687675776F /* Frameworks */,
			);
			sourceTree = "<group>";
		};
		1183341D24ABCEF50047CC55 /* Products */ = {
			isa = PBXGroup;
			children = (
				1183341C24ABCEF50047CC55 /* FireChat.app */,
			);
			name = Products;
			sourceTree = "<group>";
		};
		1183341E24ABCEF50047CC55 /* FireChat */ = {
			isa = PBXGroup;
			children = (
				1183343F24ABCF430047CC55 /* Model */,
				1183343E24ABCF420047CC55 /* View */,
				1183343B24ABCF330047CC55 /* ViewModel */,
				1183343A24ABCF2C0047CC55 /* Controller */,
				1183343924ABCF2A0047CC55 /* API */,
				1183343624ABCF200047CC55 /* Utils */,
				1183341F24ABCEF50047CC55 /* AppDelegate.swift */,
				1183342124ABCEF50047CC55 /* SceneDelegate.swift */,
				1183342324ABCEF50047CC55 /* ViewController.swift */,
				1183342524ABCEF50047CC55 /* Main.storyboard */,
				1183345A24AE5EB80047CC55 /* Assets.xcassets */,
				1183342D24ABCEF70047CC55 /* LaunchScreen.storyboard */,
				1183346024AE62610047CC55 /* GoogleService-Info.plist */,
				1183343024ABCEF70047CC55 /* Info.plist */,
			);
			path = FireChat;
			sourceTree = "<group>";
		};
		1183343624ABCF200047CC55 /* Utils */ = {
			isa = PBXGroup;
			children = (
				1183345C24AE5F920047CC55 /* Extensions.swift */,
				1192A52224B242B400A5626F /* Constants.swift */,
			);
			path = Utils;
			sourceTree = "<group>";
		};
		1183343924ABCF2A0047CC55 /* API */ = {
			isa = PBXGroup;
			children = (
				1183346224AED3800047CC55 /* AuthService.swift */,
				1183346A24B0DA760047CC55 /* Service.swift */,
			);
			path = API;
			sourceTree = "<group>";
		};
		1183343A24ABCF2C0047CC55 /* Controller */ = {
			isa = PBXGroup;
			children = (
				1183344224AC12CB0047CC55 /* Authentication */,
				1183344024ABCF800047CC55 /* ConversationsController.swift */,
				1183346424B03C110047CC55 /* NewMessageController.swift */,
				1192A4E424B0FA1E00A5626F /* ChatController.swift */,
			);
			path = Controller;
			sourceTree = "<group>";
		};
		1183343B24ABCF330047CC55 /* ViewModel */ = {
			isa = PBXGroup;
			children = (
				1183345724AE4E730047CC55 /* Authentication */,
				1192A51624B19AA200A5626F /* MessageViewModel.swift */,
			);
			path = ViewModel;
			sourceTree = "<group>";
		};
		1183343E24ABCF420047CC55 /* View */ = {
			isa = PBXGroup;
			children = (
				1183344D24AD2C210047CC55 /* InputContainerView.swift */,
				1183344F24AD307B0047CC55 /* CustomTextField.swift */,
				1183346624B0CD660047CC55 /* UserCell.swift */,
				1192A4E624B0FE8800A5626F /* CustomInputAccessoryView.swift */,
				1192A51224B1947A00A5626F /* MessageCell.swift */,
			);
			path = View;
			sourceTree = "<group>";
		};
		1183343F24ABCF430047CC55 /* Model */ = {
			isa = PBXGroup;
			children = (
				1183346824B0D9EB0047CC55 /* User.swift */,
				1192A51424B197FD00A5626F /* Message.swift */,
			);
			path = Model;
			sourceTree = "<group>";
		};
		1183344224AC12CB0047CC55 /* Authentication */ = {
			isa = PBXGroup;
			children = (
				1183344324AC12DA0047CC55 /* LoginController.swift */,
				1183344524AC12E30047CC55 /* RegistrationController.swift */,
			);
			path = Authentication;
			sourceTree = "<group>";
		};
		1183345724AE4E730047CC55 /* Authentication */ = {
			isa = PBXGroup;
			children = (
				1183345324AD77B50047CC55 /* LoginViewModel.swift */,
				1183345524AE4E6A0047CC55 /* RegistrationViewModel.swift */,
			);
			path = Authentication;
			sourceTree = "<group>";
		};
		33148A8F1EA8303E13C63CD0 /* Pods */ = {
			isa = PBXGroup;
			children = (
				1F8572490427A2288D239F89 /* Pods-FireChat.debug.xcconfig */,
				9840FE260B04BE7DE98F9D95 /* Pods-FireChat.release.xcconfig */,
			);
			path = Pods;
			sourceTree = "<group>";
		};
		AED56E9BA51138687675776F /* Frameworks */ = {
			isa = PBXGroup;
			children = (
				E88B4E64B6FFF5D94265F4B5 /* Pods_FireChat.framework */,
			);
			name = Frameworks;
			sourceTree = "<group>";
		};
/* End PBXGroup section */

/* Begin PBXNativeTarget section */
		1183341B24ABCEF50047CC55 /* FireChat */ = {
			isa = PBXNativeTarget;
			buildConfigurationList = 1183343324ABCEF70047CC55 /* Build configuration list for PBXNativeTarget "FireChat" */;
			buildPhases = (
				2DF42769CCA386A329AC46A9 /* [CP] Check Pods Manifest.lock */,
				1183341824ABCEF50047CC55 /* Sources */,
				1183341924ABCEF50047CC55 /* Frameworks */,
				1183341A24ABCEF50047CC55 /* Resources */,
				044E28E56508211B0CD8D8C5 /* [CP] Embed Pods Frameworks */,
			);
			buildRules = (
			);
			dependencies = (
			);
			name = FireChat;
			productName = FireChat;
			productReference = 1183341C24ABCEF50047CC55 /* FireChat.app */;
			productType = "com.apple.product-type.application";
		};
/* End PBXNativeTarget section */

/* Begin PBXProject section */
		1183341424ABCEF50047CC55 /* Project object */ = {
			isa = PBXProject;
			attributes = {
				LastSwiftUpdateCheck = 1150;
				LastUpgradeCheck = 1150;
				ORGANIZATIONNAME = "Stanley Traub";
				TargetAttributes = {
					1183341B24ABCEF50047CC55 = {
						CreatedOnToolsVersion = 11.5;
					};
				};
			};
			buildConfigurationList = 1183341724ABCEF50047CC55 /* Build configuration list for PBXProject "FireChat" */;
			compatibilityVersion = "Xcode 9.3";
			developmentRegion = en;
			hasScannedForEncodings = 0;
			knownRegions = (
				en,
				Base,
			);
			mainGroup = 1183341324ABCEF50047CC55;
			productRefGroup = 1183341D24ABCEF50047CC55 /* Products */;
			projectDirPath = "";
			projectRoot = "";
			targets = (
				1183341B24ABCEF50047CC55 /* FireChat */,
			);
		};
/* End PBXProject section */

/* Begin PBXResourcesBuildPhase section */
		1183341A24ABCEF50047CC55 /* Resources */ = {
			isa = PBXResourcesBuildPhase;
			buildActionMask = 2147483647;
			files = (
				1183342F24ABCEF70047CC55 /* LaunchScreen.storyboard in Resources */,
				1183346124AE62610047CC55 /* GoogleService-Info.plist in Resources */,
				1183342724ABCEF50047CC55 /* Main.storyboard in Resources */,
				1183345B24AE5EB80047CC55 /* Assets.xcassets in Resources */,
			);
			runOnlyForDeploymentPostprocessing = 0;
		};
/* End PBXResourcesBuildPhase section */

/* Begin PBXShellScriptBuildPhase section */
		044E28E56508211B0CD8D8C5 /* [CP] Embed Pods Frameworks */ = {
			isa = PBXShellScriptBuildPhase;
			buildActionMask = 2147483647;
			files = (
			);
			inputFileListPaths = (
				"${PODS_ROOT}/Target Support Files/Pods-FireChat/Pods-FireChat-frameworks-${CONFIGURATION}-input-files.xcfilelist",
			);
			name = "[CP] Embed Pods Frameworks";
			outputFileListPaths = (
				"${PODS_ROOT}/Target Support Files/Pods-FireChat/Pods-FireChat-frameworks-${CONFIGURATION}-output-files.xcfilelist",
			);
			runOnlyForDeploymentPostprocessing = 0;
			shellPath = /bin/sh;
			shellScript = "\"${PODS_ROOT}/Target Support Files/Pods-FireChat/Pods-FireChat-frameworks.sh\"\n";
			showEnvVarsInLog = 0;
		};
		2DF42769CCA386A329AC46A9 /* [CP] Check Pods Manifest.lock */ = {
			isa = PBXShellScriptBuildPhase;
			buildActionMask = 2147483647;
			files = (
			);
			inputFileListPaths = (
			);
			inputPaths = (
				"${PODS_PODFILE_DIR_PATH}/Podfile.lock",
				"${PODS_ROOT}/Manifest.lock",
			);
			name = "[CP] Check Pods Manifest.lock";
			outputFileListPaths = (
			);
			outputPaths = (
				"$(DERIVED_FILE_DIR)/Pods-FireChat-checkManifestLockResult.txt",
			);
			runOnlyForDeploymentPostprocessing = 0;
			shellPath = /bin/sh;
			shellScript = "diff \"${PODS_PODFILE_DIR_PATH}/Podfile.lock\" \"${PODS_ROOT}/Manifest.lock\" > /dev/null\nif [ $? != 0 ] ; then\n    # print error to STDERR\n    echo \"error: The sandbox is not in sync with the Podfile.lock. Run 'pod install' or update your CocoaPods installation.\" >&2\n    exit 1\nfi\n# This output is used by Xcode 'outputs' to avoid re-running this script phase.\necho \"SUCCESS\" > \"${SCRIPT_OUTPUT_FILE_0}\"\n";
			showEnvVarsInLog = 0;
		};
/* End PBXShellScriptBuildPhase section */

/* Begin PBXSourcesBuildPhase section */
		1183341824ABCEF50047CC55 /* Sources */ = {
			isa = PBXSourcesBuildPhase;
			buildActionMask = 2147483647;
			files = (
				1183344624AC12E30047CC55 /* RegistrationController.swift in Sources */,
				1192A52324B242B400A5626F /* Constants.swift in Sources */,
				1183345624AE4E6A0047CC55 /* RegistrationViewModel.swift in Sources */,
				1183342424ABCEF50047CC55 /* ViewController.swift in Sources */,
				1183346324AED3800047CC55 /* AuthService.swift in Sources */,
				1192A51724B19AA200A5626F /* MessageViewModel.swift in Sources */,
				1183345424AD77B50047CC55 /* LoginViewModel.swift in Sources */,
				1183344424AC12DA0047CC55 /* LoginController.swift in Sources */,
				1183346724B0CD660047CC55 /* UserCell.swift in Sources */,
				1183345024AD307B0047CC55 /* CustomTextField.swift in Sources */,
				1183346924B0D9EB0047CC55 /* User.swift in Sources */,
				1183346B24B0DA760047CC55 /* Service.swift in Sources */,
				1192A51324B1947A00A5626F /* MessageCell.swift in Sources */,
				1183344E24AD2C210047CC55 /* InputContainerView.swift in Sources */,
				1183345D24AE5F920047CC55 /* Extensions.swift in Sources */,
				1183342024ABCEF50047CC55 /* AppDelegate.swift in Sources */,
				1183344124ABCF800047CC55 /* ConversationsController.swift in Sources */,
				1192A4E524B0FA1E00A5626F /* ChatController.swift in Sources */,
				1183342224ABCEF50047CC55 /* SceneDelegate.swift in Sources */,
				1192A51524B197FD00A5626F /* Message.swift in Sources */,
				1183346524B03C110047CC55 /* NewMessageController.swift in Sources */,
				1192A4E724B0FE8800A5626F /* CustomInputAccessoryView.swift in Sources */,
			);
			runOnlyForDeploymentPostprocessing = 0;
		};
/* End PBXSourcesBuildPhase section */

/* Begin PBXVariantGroup section */
		1183342524ABCEF50047CC55 /* Main.storyboard */ = {
			isa = PBXVariantGroup;
			children = (
				1183342624ABCEF50047CC55 /* Base */,
			);
			name = Main.storyboard;
			sourceTree = "<group>";
		};
		1183342D24ABCEF70047CC55 /* LaunchScreen.storyboard */ = {
			isa = PBXVariantGroup;
			children = (
				1183342E24ABCEF70047CC55 /* Base */,
			);
			name = LaunchScreen.storyboard;
			sourceTree = "<group>";
		};
/* End PBXVariantGroup section */

/* Begin XCBuildConfiguration section */
		1183343124ABCEF70047CC55 /* Debug */ = {
			isa = XCBuildConfiguration;
			buildSettings = {
				ALWAYS_SEARCH_USER_PATHS = NO;
				CLANG_ANALYZER_NONNULL = YES;
				CLANG_ANALYZER_NUMBER_OBJECT_CONVERSION = YES_AGGRESSIVE;
				CLANG_CXX_LANGUAGE_STANDARD = "gnu++14";
				CLANG_CXX_LIBRARY = "libc++";
				CLANG_ENABLE_MODULES = YES;
				CLANG_ENABLE_OBJC_ARC = YES;
				CLANG_ENABLE_OBJC_WEAK = YES;
				CLANG_WARN_BLOCK_CAPTURE_AUTORELEASING = YES;
				CLANG_WARN_BOOL_CONVERSION = YES;
				CLANG_WARN_COMMA = YES;
				CLANG_WARN_CONSTANT_CONVERSION = YES;
				CLANG_WARN_DEPRECATED_OBJC_IMPLEMENTATIONS = YES;
				CLANG_WARN_DIRECT_OBJC_ISA_USAGE = YES_ERROR;
				CLANG_WARN_DOCUMENTATION_COMMENTS = YES;
				CLANG_WARN_EMPTY_BODY = YES;
				CLANG_WARN_ENUM_CONVERSION = YES;
				CLANG_WARN_INFINITE_RECURSION = YES;
				CLANG_WARN_INT_CONVERSION = YES;
				CLANG_WARN_NON_LITERAL_NULL_CONVERSION = YES;
				CLANG_WARN_OBJC_IMPLICIT_RETAIN_SELF = YES;
				CLANG_WARN_OBJC_LITERAL_CONVERSION = YES;
				CLANG_WARN_OBJC_ROOT_CLASS = YES_ERROR;
				CLANG_WARN_RANGE_LOOP_ANALYSIS = YES;
				CLANG_WARN_STRICT_PROTOTYPES = YES;
				CLANG_WARN_SUSPICIOUS_MOVE = YES;
				CLANG_WARN_UNGUARDED_AVAILABILITY = YES_AGGRESSIVE;
				CLANG_WARN_UNREACHABLE_CODE = YES;
				CLANG_WARN__DUPLICATE_METHOD_MATCH = YES;
				COPY_PHASE_STRIP = NO;
				DEBUG_INFORMATION_FORMAT = dwarf;
				ENABLE_STRICT_OBJC_MSGSEND = YES;
				ENABLE_TESTABILITY = YES;
				GCC_C_LANGUAGE_STANDARD = gnu11;
				GCC_DYNAMIC_NO_PIC = NO;
				GCC_NO_COMMON_BLOCKS = YES;
				GCC_OPTIMIZATION_LEVEL = 0;
				GCC_PREPROCESSOR_DEFINITIONS = (
					"DEBUG=1",
					"$(inherited)",
				);
				GCC_WARN_64_TO_32_BIT_CONVERSION = YES;
				GCC_WARN_ABOUT_RETURN_TYPE = YES_ERROR;
				GCC_WARN_UNDECLARED_SELECTOR = YES;
				GCC_WARN_UNINITIALIZED_AUTOS = YES_AGGRESSIVE;
				GCC_WARN_UNUSED_FUNCTION = YES;
				GCC_WARN_UNUSED_VARIABLE = YES;
				IPHONEOS_DEPLOYMENT_TARGET = 13.5;
				MTL_ENABLE_DEBUG_INFO = INCLUDE_SOURCE;
				MTL_FAST_MATH = YES;
				ONLY_ACTIVE_ARCH = YES;
				SDKROOT = iphoneos;
				SWIFT_ACTIVE_COMPILATION_CONDITIONS = DEBUG;
				SWIFT_OPTIMIZATION_LEVEL = "-Onone";
			};
			name = Debug;
		};
		1183343224ABCEF70047CC55 /* Release */ = {
			isa = XCBuildConfiguration;
			buildSettings = {
				ALWAYS_SEARCH_USER_PATHS = NO;
				CLANG_ANALYZER_NONNULL = YES;
				CLANG_ANALYZER_NUMBER_OBJECT_CONVERSION = YES_AGGRESSIVE;
				CLANG_CXX_LANGUAGE_STANDARD = "gnu++14";
				CLANG_CXX_LIBRARY = "libc++";
				CLANG_ENABLE_MODULES = YES;
				CLANG_ENABLE_OBJC_ARC = YES;
				CLANG_ENABLE_OBJC_WEAK = YES;
				CLANG_WARN_BLOCK_CAPTURE_AUTORELEASING = YES;
				CLANG_WARN_BOOL_CONVERSION = YES;
				CLANG_WARN_COMMA = YES;
				CLANG_WARN_CONSTANT_CONVERSION = YES;
				CLANG_WARN_DEPRECATED_OBJC_IMPLEMENTATIONS = YES;
				CLANG_WARN_DIRECT_OBJC_ISA_USAGE = YES_ERROR;
				CLANG_WARN_DOCUMENTATION_COMMENTS = YES;
				CLANG_WARN_EMPTY_BODY = YES;
				CLANG_WARN_ENUM_CONVERSION = YES;
				CLANG_WARN_INFINITE_RECURSION = YES;
				CLANG_WARN_INT_CONVERSION = YES;
				CLANG_WARN_NON_LITERAL_NULL_CONVERSION = YES;
				CLANG_WARN_OBJC_IMPLICIT_RETAIN_SELF = YES;
				CLANG_WARN_OBJC_LITERAL_CONVERSION = YES;
				CLANG_WARN_OBJC_ROOT_CLASS = YES_ERROR;
				CLANG_WARN_RANGE_LOOP_ANALYSIS = YES;
				CLANG_WARN_STRICT_PROTOTYPES = YES;
				CLANG_WARN_SUSPICIOUS_MOVE = YES;
				CLANG_WARN_UNGUARDED_AVAILABILITY = YES_AGGRESSIVE;
				CLANG_WARN_UNREACHABLE_CODE = YES;
				CLANG_WARN__DUPLICATE_METHOD_MATCH = YES;
				COPY_PHASE_STRIP = NO;
				DEBUG_INFORMATION_FORMAT = "dwarf-with-dsym";
				ENABLE_NS_ASSERTIONS = NO;
				ENABLE_STRICT_OBJC_MSGSEND = YES;
				GCC_C_LANGUAGE_STANDARD = gnu11;
				GCC_NO_COMMON_BLOCKS = YES;
				GCC_WARN_64_TO_32_BIT_CONVERSION = YES;
				GCC_WARN_ABOUT_RETURN_TYPE = YES_ERROR;
				GCC_WARN_UNDECLARED_SELECTOR = YES;
				GCC_WARN_UNINITIALIZED_AUTOS = YES_AGGRESSIVE;
				GCC_WARN_UNUSED_FUNCTION = YES;
				GCC_WARN_UNUSED_VARIABLE = YES;
				IPHONEOS_DEPLOYMENT_TARGET = 13.5;
				MTL_ENABLE_DEBUG_INFO = NO;
				MTL_FAST_MATH = YES;
				SDKROOT = iphoneos;
				SWIFT_COMPILATION_MODE = wholemodule;
				SWIFT_OPTIMIZATION_LEVEL = "-O";
				VALIDATE_PRODUCT = YES;
			};
			name = Release;
		};
		1183343424ABCEF70047CC55 /* Debug */ = {
			isa = XCBuildConfiguration;
			baseConfigurationReference = 1F8572490427A2288D239F89 /* Pods-FireChat.debug.xcconfig */;
			buildSettings = {
				ASSETCATALOG_COMPILER_APPICON_NAME = AppIcon;
				CODE_SIGN_STYLE = Automatic;
				DEVELOPMENT_TEAM = N8Z6DLFKLR;
				INFOPLIST_FILE = FireChat/Info.plist;
				LD_RUNPATH_SEARCH_PATHS = (
					"$(inherited)",
					"@executable_path/Frameworks",
				);
				PRODUCT_BUNDLE_IDENTIFIER = com.stantraub.FireChat;
				PRODUCT_NAME = "$(TARGET_NAME)";
				SWIFT_VERSION = 5.0;
				TARGETED_DEVICE_FAMILY = "1,2";
			};
			name = Debug;
		};
		1183343524ABCEF70047CC55 /* Release */ = {
			isa = XCBuildConfiguration;
			baseConfigurationReference = 9840FE260B04BE7DE98F9D95 /* Pods-FireChat.release.xcconfig */;
			buildSettings = {
				ASSETCATALOG_COMPILER_APPICON_NAME = AppIcon;
				CODE_SIGN_STYLE = Automatic;
				DEVELOPMENT_TEAM = N8Z6DLFKLR;
				INFOPLIST_FILE = FireChat/Info.plist;
				LD_RUNPATH_SEARCH_PATHS = (
					"$(inherited)",
					"@executable_path/Frameworks",
				);
				PRODUCT_BUNDLE_IDENTIFIER = com.stantraub.FireChat;
				PRODUCT_NAME = "$(TARGET_NAME)";
				SWIFT_VERSION = 5.0;
				TARGETED_DEVICE_FAMILY = "1,2";
			};
			name = Release;
		};
/* End XCBuildConfiguration section */

/* Begin XCConfigurationList section */
		1183341724ABCEF50047CC55 /* Build configuration list for PBXProject "FireChat" */ = {
			isa = XCConfigurationList;
			buildConfigurations = (
				1183343124ABCEF70047CC55 /* Debug */,
				1183343224ABCEF70047CC55 /* Release */,
			);
			defaultConfigurationIsVisible = 0;
			defaultConfigurationName = Release;
		};
		1183343324ABCEF70047CC55 /* Build configuration list for PBXNativeTarget "FireChat" */ = {
			isa = XCConfigurationList;
			buildConfigurations = (
				1183343424ABCEF70047CC55 /* Debug */,
				1183343524ABCEF70047CC55 /* Release */,
			);
			defaultConfigurationIsVisible = 0;
			defaultConfigurationName = Release;
		};
/* End XCConfigurationList section */
	};
	rootObject = 1183341424ABCEF50047CC55 /* Project object */;
}
